// !$*UTF8*$!
{
	archiveVersion = 1;
	classes = {
	};
	objectVersion = 46;
	objects = {

/* Begin PBXBuildFile section */
		7F2814201837BC1700E11DF0 /* CoreGraphics.framework in Frameworks */ = {isa = PBXBuildFile; fileRef = 7F28141F1837BC1700E11DF0 /* CoreGraphics.framework */; };
		7F2814221837BC1700E11DF0 /* UIKit.framework in Frameworks */ = {isa = PBXBuildFile; fileRef = 7F2814211837BC1700E11DF0 /* UIKit.framework */; };
		7F2814281837BC1700E11DF0 /* InfoPlist.strings in Resources */ = {isa = PBXBuildFile; fileRef = 7F2814261837BC1700E11DF0 /* InfoPlist.strings */; };
		7F28142A1837BC1700E11DF0 /* main.m in Sources */ = {isa = PBXBuildFile; fileRef = 7F2814291837BC1700E11DF0 /* main.m */; };
		7F28142E1837BC1700E11DF0 /* GerionAppDelegate.m in Sources */ = {isa = PBXBuildFile; fileRef = 7F28142D1837BC1700E11DF0 /* GerionAppDelegate.m */; };
		7F2814311837BC1700E11DF0 /* Main.storyboard in Resources */ = {isa = PBXBuildFile; fileRef = 7F28142F1837BC1700E11DF0 /* Main.storyboard */; };
		7F2814341837BC1700E11DF0 /* GerionViewController.m in Sources */ = {isa = PBXBuildFile; fileRef = 7F2814331837BC1700E11DF0 /* GerionViewController.m */; };
		7F2814361837BC1700E11DF0 /* Images.xcassets in Resources */ = {isa = PBXBuildFile; fileRef = 7F2814351837BC1700E11DF0 /* Images.xcassets */; };
		7F28143D1837BC1700E11DF0 /* XCTest.framework in Frameworks */ = {isa = PBXBuildFile; fileRef = 7F28143C1837BC1700E11DF0 /* XCTest.framework */; };
		7F28143E1837BC1700E11DF0 /* Foundation.framework in Frameworks */ = {isa = PBXBuildFile; fileRef = 7F28141D1837BC1700E11DF0 /* Foundation.framework */; };
		7F28143F1837BC1700E11DF0 /* UIKit.framework in Frameworks */ = {isa = PBXBuildFile; fileRef = 7F2814211837BC1700E11DF0 /* UIKit.framework */; };
		7F2814471837BC1700E11DF0 /* InfoPlist.strings in Resources */ = {isa = PBXBuildFile; fileRef = 7F2814451837BC1700E11DF0 /* InfoPlist.strings */; };
		7F2814491837BC1700E11DF0 /* PhotoAlbumTests.m in Sources */ = {isa = PBXBuildFile; fileRef = 7F2814481837BC1700E11DF0 /* PhotoAlbumTests.m */; };
		7F2814531837BD5B00E11DF0 /* AssetsLibrary.framework in Frameworks */ = {isa = PBXBuildFile; fileRef = 7F2814521837BD5B00E11DF0 /* AssetsLibrary.framework */; };
		7F2814561837C2AE00E11DF0 /* GerionCollectionViewController.m in Sources */ = {isa = PBXBuildFile; fileRef = 7F2814551837C2AE00E11DF0 /* GerionCollectionViewController.m */; };
		7F2814591837C66500E11DF0 /* GerionCollectionViewCell.m in Sources */ = {isa = PBXBuildFile; fileRef = 7F2814581837C66500E11DF0 /* GerionCollectionViewCell.m */; };
		7F2814621838B46000E11DF0 /* GerionDetailViewController.m in Sources */ = {isa = PBXBuildFile; fileRef = 7F2814611838B46000E11DF0 /* GerionDetailViewController.m */; };
		7F281465183DACC000E11DF0 /* GerionThumbnailImageView.m in Sources */ = {isa = PBXBuildFile; fileRef = 7F281464183DACC000E11DF0 /* GerionThumbnailImageView.m */; };
		7F281467183DD96400E11DF0 /* AVFoundation.framework in Frameworks */ = {isa = PBXBuildFile; fileRef = 7F281466183DD96400E11DF0 /* AVFoundation.framework */; };
		7F28191F1841925A00E11DF0 /* Model.xcdatamodeld in Sources */ = {isa = PBXBuildFile; fileRef = 7F28191D1841925A00E11DF0 /* Model.xcdatamodeld */; };
		7F2819211841929B00E11DF0 /* CoreData.framework in Frameworks */ = {isa = PBXBuildFile; fileRef = 7F2819201841929B00E11DF0 /* CoreData.framework */; };
		7F28195E184192F800E11DF0 /* MagicalImportFunctions.m in Sources */ = {isa = PBXBuildFile; fileRef = 7F281926184192F800E11DF0 /* MagicalImportFunctions.m */; };
		7F28195F184192F800E11DF0 /* NSAttributeDescription+MagicalDataImport.m in Sources */ = {isa = PBXBuildFile; fileRef = 7F281928184192F800E11DF0 /* NSAttributeDescription+MagicalDataImport.m */; };
		7F281960184192F800E11DF0 /* NSEntityDescription+MagicalDataImport.m in Sources */ = {isa = PBXBuildFile; fileRef = 7F28192A184192F800E11DF0 /* NSEntityDescription+MagicalDataImport.m */; };
		7F281961184192F800E11DF0 /* NSNumber+MagicalDataImport.m in Sources */ = {isa = PBXBuildFile; fileRef = 7F28192C184192F800E11DF0 /* NSNumber+MagicalDataImport.m */; };
		7F281962184192F800E11DF0 /* NSObject+MagicalDataImport.m in Sources */ = {isa = PBXBuildFile; fileRef = 7F28192E184192F800E11DF0 /* NSObject+MagicalDataImport.m */; };
		7F281963184192F800E11DF0 /* NSRelationshipDescription+MagicalDataImport.m in Sources */ = {isa = PBXBuildFile; fileRef = 7F281930184192F800E11DF0 /* NSRelationshipDescription+MagicalDataImport.m */; };
		7F281964184192F800E11DF0 /* NSString+MagicalDataImport.m in Sources */ = {isa = PBXBuildFile; fileRef = 7F281932184192F800E11DF0 /* NSString+MagicalDataImport.m */; };
		7F281965184192F800E11DF0 /* NSManagedObject+MagicalAggregation.m in Sources */ = {isa = PBXBuildFile; fileRef = 7F281935184192F800E11DF0 /* NSManagedObject+MagicalAggregation.m */; };
		7F281966184192F800E11DF0 /* NSManagedObject+MagicalDataImport.m in Sources */ = {isa = PBXBuildFile; fileRef = 7F281937184192F800E11DF0 /* NSManagedObject+MagicalDataImport.m */; };
		7F281967184192F800E11DF0 /* NSManagedObject+MagicalFinders.m in Sources */ = {isa = PBXBuildFile; fileRef = 7F281939184192F800E11DF0 /* NSManagedObject+MagicalFinders.m */; };
		7F281968184192F800E11DF0 /* NSManagedObject+MagicalRecord.m in Sources */ = {isa = PBXBuildFile; fileRef = 7F28193B184192F800E11DF0 /* NSManagedObject+MagicalRecord.m */; };
		7F281969184192F800E11DF0 /* NSManagedObject+MagicalRequests.m in Sources */ = {isa = PBXBuildFile; fileRef = 7F28193D184192F800E11DF0 /* NSManagedObject+MagicalRequests.m */; };
		7F28196A184192F800E11DF0 /* NSManagedObjectContext+MagicalObserving.m in Sources */ = {isa = PBXBuildFile; fileRef = 7F281940184192F800E11DF0 /* NSManagedObjectContext+MagicalObserving.m */; };
		7F28196B184192F800E11DF0 /* NSManagedObjectContext+MagicalRecord.m in Sources */ = {isa = PBXBuildFile; fileRef = 7F281942184192F800E11DF0 /* NSManagedObjectContext+MagicalRecord.m */; };
		7F28196C184192F800E11DF0 /* NSManagedObjectContext+MagicalSaves.m in Sources */ = {isa = PBXBuildFile; fileRef = 7F281944184192F800E11DF0 /* NSManagedObjectContext+MagicalSaves.m */; };
		7F28196D184192F800E11DF0 /* NSManagedObjectContext+MagicalThreading.m in Sources */ = {isa = PBXBuildFile; fileRef = 7F281946184192F800E11DF0 /* NSManagedObjectContext+MagicalThreading.m */; };
		7F28196E184192F800E11DF0 /* NSManagedObjectModel+MagicalRecord.m in Sources */ = {isa = PBXBuildFile; fileRef = 7F281948184192F800E11DF0 /* NSManagedObjectModel+MagicalRecord.m */; };
		7F28196F184192F800E11DF0 /* NSPersistentStore+MagicalRecord.m in Sources */ = {isa = PBXBuildFile; fileRef = 7F28194A184192F800E11DF0 /* NSPersistentStore+MagicalRecord.m */; };
		7F281970184192F800E11DF0 /* NSPersistentStoreCoordinator+MagicalRecord.m in Sources */ = {isa = PBXBuildFile; fileRef = 7F28194C184192F800E11DF0 /* NSPersistentStoreCoordinator+MagicalRecord.m */; };
		7F281971184192F800E11DF0 /* MagicalRecord+Actions.m in Sources */ = {isa = PBXBuildFile; fileRef = 7F28194F184192F800E11DF0 /* MagicalRecord+Actions.m */; };
		7F281972184192F800E11DF0 /* MagicalRecord+ErrorHandling.m in Sources */ = {isa = PBXBuildFile; fileRef = 7F281951184192F800E11DF0 /* MagicalRecord+ErrorHandling.m */; };
		7F281973184192F800E11DF0 /* MagicalRecord+iCloud.m in Sources */ = {isa = PBXBuildFile; fileRef = 7F281953184192F800E11DF0 /* MagicalRecord+iCloud.m */; };
		7F281974184192F800E11DF0 /* MagicalRecord+Options.m in Sources */ = {isa = PBXBuildFile; fileRef = 7F281955184192F800E11DF0 /* MagicalRecord+Options.m */; };
		7F281975184192F800E11DF0 /* MagicalRecord+Setup.m in Sources */ = {isa = PBXBuildFile; fileRef = 7F281957184192F800E11DF0 /* MagicalRecord+Setup.m */; };
		7F281976184192F800E11DF0 /* MagicalRecord+ShorthandSupport.m in Sources */ = {isa = PBXBuildFile; fileRef = 7F281959184192F800E11DF0 /* MagicalRecord+ShorthandSupport.m */; };
		7F281977184192F800E11DF0 /* MagicalRecord.m in Sources */ = {isa = PBXBuildFile; fileRef = 7F28195B184192F800E11DF0 /* MagicalRecord.m */; };
		7F2819951841CC3400E11DF0 /* DetailImageModel.m in Sources */ = {isa = PBXBuildFile; fileRef = 7F2819941841CC3400E11DF0 /* DetailImageModel.m */; };
		7F2819981841CC3500E11DF0 /* TagModel.m in Sources */ = {isa = PBXBuildFile; fileRef = 7F2819971841CC3500E11DF0 /* TagModel.m */; };
/* End PBXBuildFile section */

/* Begin PBXContainerItemProxy section */
		7F2814401837BC1700E11DF0 /* PBXContainerItemProxy */ = {
			isa = PBXContainerItemProxy;
			containerPortal = 7F2814121837BC1700E11DF0 /* Project object */;
			proxyType = 1;
			remoteGlobalIDString = 7F2814191837BC1700E11DF0;
			remoteInfo = PhotoAlbum;
		};
/* End PBXContainerItemProxy section */

/* Begin PBXFileReference section */
		7F28141A1837BC1700E11DF0 /* PhotoAlbum.app */ = {isa = PBXFileReference; explicitFileType = wrapper.application; includeInIndex = 0; path = PhotoAlbum.app; sourceTree = BUILT_PRODUCTS_DIR; };
		7F28141D1837BC1700E11DF0 /* Foundation.framework */ = {isa = PBXFileReference; lastKnownFileType = wrapper.framework; name = Foundation.framework; path = System/Library/Frameworks/Foundation.framework; sourceTree = SDKROOT; };
		7F28141F1837BC1700E11DF0 /* CoreGraphics.framework */ = {isa = PBXFileReference; lastKnownFileType = wrapper.framework; name = CoreGraphics.framework; path = System/Library/Frameworks/CoreGraphics.framework; sourceTree = SDKROOT; };
		7F2814211837BC1700E11DF0 /* UIKit.framework */ = {isa = PBXFileReference; lastKnownFileType = wrapper.framework; name = UIKit.framework; path = System/Library/Frameworks/UIKit.framework; sourceTree = SDKROOT; };
		7F2814251837BC1700E11DF0 /* PhotoAlbum-Info.plist */ = {isa = PBXFileReference; lastKnownFileType = text.plist.xml; path = "PhotoAlbum-Info.plist"; sourceTree = "<group>"; };
		7F2814271837BC1700E11DF0 /* en */ = {isa = PBXFileReference; lastKnownFileType = text.plist.strings; name = en; path = en.lproj/InfoPlist.strings; sourceTree = "<group>"; };
		7F2814291837BC1700E11DF0 /* main.m */ = {isa = PBXFileReference; lastKnownFileType = sourcecode.c.objc; path = main.m; sourceTree = "<group>"; };
		7F28142B1837BC1700E11DF0 /* PhotoAlbum-Prefix.pch */ = {isa = PBXFileReference; lastKnownFileType = sourcecode.c.h; path = "PhotoAlbum-Prefix.pch"; sourceTree = "<group>"; };
		7F28142C1837BC1700E11DF0 /* GerionAppDelegate.h */ = {isa = PBXFileReference; lastKnownFileType = sourcecode.c.h; path = GerionAppDelegate.h; sourceTree = "<group>"; };
		7F28142D1837BC1700E11DF0 /* GerionAppDelegate.m */ = {isa = PBXFileReference; lastKnownFileType = sourcecode.c.objc; path = GerionAppDelegate.m; sourceTree = "<group>"; };
		7F2814301837BC1700E11DF0 /* Base */ = {isa = PBXFileReference; lastKnownFileType = file.storyboard; name = Base; path = Base.lproj/Main.storyboard; sourceTree = "<group>"; };
		7F2814321837BC1700E11DF0 /* GerionViewController.h */ = {isa = PBXFileReference; lastKnownFileType = sourcecode.c.h; path = GerionViewController.h; sourceTree = "<group>"; };
		7F2814331837BC1700E11DF0 /* GerionViewController.m */ = {isa = PBXFileReference; lastKnownFileType = sourcecode.c.objc; path = GerionViewController.m; sourceTree = "<group>"; };
		7F2814351837BC1700E11DF0 /* Images.xcassets */ = {isa = PBXFileReference; lastKnownFileType = folder.assetcatalog; path = Images.xcassets; sourceTree = "<group>"; };
		7F28143B1837BC1700E11DF0 /* PhotoAlbumTests.xctest */ = {isa = PBXFileReference; explicitFileType = wrapper.cfbundle; includeInIndex = 0; path = PhotoAlbumTests.xctest; sourceTree = BUILT_PRODUCTS_DIR; };
		7F28143C1837BC1700E11DF0 /* XCTest.framework */ = {isa = PBXFileReference; lastKnownFileType = wrapper.framework; name = XCTest.framework; path = Library/Frameworks/XCTest.framework; sourceTree = DEVELOPER_DIR; };
		7F2814441837BC1700E11DF0 /* PhotoAlbumTests-Info.plist */ = {isa = PBXFileReference; lastKnownFileType = text.plist.xml; path = "PhotoAlbumTests-Info.plist"; sourceTree = "<group>"; };
		7F2814461837BC1700E11DF0 /* en */ = {isa = PBXFileReference; lastKnownFileType = text.plist.strings; name = en; path = en.lproj/InfoPlist.strings; sourceTree = "<group>"; };
		7F2814481837BC1700E11DF0 /* PhotoAlbumTests.m */ = {isa = PBXFileReference; lastKnownFileType = sourcecode.c.objc; path = PhotoAlbumTests.m; sourceTree = "<group>"; };
		7F2814521837BD5B00E11DF0 /* AssetsLibrary.framework */ = {isa = PBXFileReference; lastKnownFileType = wrapper.framework; name = AssetsLibrary.framework; path = System/Library/Frameworks/AssetsLibrary.framework; sourceTree = SDKROOT; };
		7F2814541837C2AE00E11DF0 /* GerionCollectionViewController.h */ = {isa = PBXFileReference; fileEncoding = 4; lastKnownFileType = sourcecode.c.h; path = GerionCollectionViewController.h; sourceTree = "<group>"; };
		7F2814551837C2AE00E11DF0 /* GerionCollectionViewController.m */ = {isa = PBXFileReference; fileEncoding = 4; lastKnownFileType = sourcecode.c.objc; path = GerionCollectionViewController.m; sourceTree = "<group>"; };
		7F2814571837C66500E11DF0 /* GerionCollectionViewCell.h */ = {isa = PBXFileReference; fileEncoding = 4; lastKnownFileType = sourcecode.c.h; path = GerionCollectionViewCell.h; sourceTree = "<group>"; };
		7F2814581837C66500E11DF0 /* GerionCollectionViewCell.m */ = {isa = PBXFileReference; fileEncoding = 4; lastKnownFileType = sourcecode.c.objc; path = GerionCollectionViewCell.m; sourceTree = "<group>"; };
		7F2814601838B46000E11DF0 /* GerionDetailViewController.h */ = {isa = PBXFileReference; fileEncoding = 4; lastKnownFileType = sourcecode.c.h; path = GerionDetailViewController.h; sourceTree = "<group>"; };
		7F2814611838B46000E11DF0 /* GerionDetailViewController.m */ = {isa = PBXFileReference; fileEncoding = 4; lastKnownFileType = sourcecode.c.objc; path = GerionDetailViewController.m; sourceTree = "<group>"; };
		7F281463183DACC000E11DF0 /* GerionThumbnailImageView.h */ = {isa = PBXFileReference; fileEncoding = 4; lastKnownFileType = sourcecode.c.h; path = GerionThumbnailImageView.h; sourceTree = "<group>"; };
		7F281464183DACC000E11DF0 /* GerionThumbnailImageView.m */ = {isa = PBXFileReference; fileEncoding = 4; lastKnownFileType = sourcecode.c.objc; path = GerionThumbnailImageView.m; sourceTree = "<group>"; };
		7F281466183DD96400E11DF0 /* AVFoundation.framework */ = {isa = PBXFileReference; lastKnownFileType = wrapper.framework; name = AVFoundation.framework; path = System/Library/Frameworks/AVFoundation.framework; sourceTree = SDKROOT; };
		7F28191E1841925A00E11DF0 /* Model.xcdatamodel */ = {isa = PBXFileReference; lastKnownFileType = wrapper.xcdatamodel; path = Model.xcdatamodel; sourceTree = "<group>"; };
		7F2819201841929B00E11DF0 /* CoreData.framework */ = {isa = PBXFileReference; lastKnownFileType = wrapper.framework; name = CoreData.framework; path = System/Library/Frameworks/CoreData.framework; sourceTree = SDKROOT; };
		7F281925184192F800E11DF0 /* MagicalImportFunctions.h */ = {isa = PBXFileReference; fileEncoding = 4; lastKnownFileType = sourcecode.c.h; path = MagicalImportFunctions.h; sourceTree = "<group>"; };
		7F281926184192F800E11DF0 /* MagicalImportFunctions.m */ = {isa = PBXFileReference; fileEncoding = 4; lastKnownFileType = sourcecode.c.objc; path = MagicalImportFunctions.m; sourceTree = "<group>"; };
		7F281927184192F800E11DF0 /* NSAttributeDescription+MagicalDataImport.h */ = {isa = PBXFileReference; fileEncoding = 4; lastKnownFileType = sourcecode.c.h; path = "NSAttributeDescription+MagicalDataImport.h"; sourceTree = "<group>"; };
		7F281928184192F800E11DF0 /* NSAttributeDescription+MagicalDataImport.m */ = {isa = PBXFileReference; fileEncoding = 4; lastKnownFileType = sourcecode.c.objc; path = "NSAttributeDescription+MagicalDataImport.m"; sourceTree = "<group>"; };
		7F281929184192F800E11DF0 /* NSEntityDescription+MagicalDataImport.h */ = {isa = PBXFileReference; fileEncoding = 4; lastKnownFileType = sourcecode.c.h; path = "NSEntityDescription+MagicalDataImport.h"; sourceTree = "<group>"; };
		7F28192A184192F800E11DF0 /* NSEntityDescription+MagicalDataImport.m */ = {isa = PBXFileReference; fileEncoding = 4; lastKnownFileType = sourcecode.c.objc; path = "NSEntityDescription+MagicalDataImport.m"; sourceTree = "<group>"; };
		7F28192B184192F800E11DF0 /* NSNumber+MagicalDataImport.h */ = {isa = PBXFileReference; fileEncoding = 4; lastKnownFileType = sourcecode.c.h; path = "NSNumber+MagicalDataImport.h"; sourceTree = "<group>"; };
		7F28192C184192F800E11DF0 /* NSNumber+MagicalDataImport.m */ = {isa = PBXFileReference; fileEncoding = 4; lastKnownFileType = sourcecode.c.objc; path = "NSNumber+MagicalDataImport.m"; sourceTree = "<group>"; };
		7F28192D184192F800E11DF0 /* NSObject+MagicalDataImport.h */ = {isa = PBXFileReference; fileEncoding = 4; lastKnownFileType = sourcecode.c.h; path = "NSObject+MagicalDataImport.h"; sourceTree = "<group>"; };
		7F28192E184192F800E11DF0 /* NSObject+MagicalDataImport.m */ = {isa = PBXFileReference; fileEncoding = 4; lastKnownFileType = sourcecode.c.objc; path = "NSObject+MagicalDataImport.m"; sourceTree = "<group>"; };
		7F28192F184192F800E11DF0 /* NSRelationshipDescription+MagicalDataImport.h */ = {isa = PBXFileReference; fileEncoding = 4; lastKnownFileType = sourcecode.c.h; path = "NSRelationshipDescription+MagicalDataImport.h"; sourceTree = "<group>"; };
		7F281930184192F800E11DF0 /* NSRelationshipDescription+MagicalDataImport.m */ = {isa = PBXFileReference; fileEncoding = 4; lastKnownFileType = sourcecode.c.objc; path = "NSRelationshipDescription+MagicalDataImport.m"; sourceTree = "<group>"; };
		7F281931184192F800E11DF0 /* NSString+MagicalDataImport.h */ = {isa = PBXFileReference; fileEncoding = 4; lastKnownFileType = sourcecode.c.h; path = "NSString+MagicalDataImport.h"; sourceTree = "<group>"; };
		7F281932184192F800E11DF0 /* NSString+MagicalDataImport.m */ = {isa = PBXFileReference; fileEncoding = 4; lastKnownFileType = sourcecode.c.objc; path = "NSString+MagicalDataImport.m"; sourceTree = "<group>"; };
		7F281934184192F800E11DF0 /* NSManagedObject+MagicalAggregation.h */ = {isa = PBXFileReference; fileEncoding = 4; lastKnownFileType = sourcecode.c.h; path = "NSManagedObject+MagicalAggregation.h"; sourceTree = "<group>"; };
		7F281935184192F800E11DF0 /* NSManagedObject+MagicalAggregation.m */ = {isa = PBXFileReference; fileEncoding = 4; lastKnownFileType = sourcecode.c.objc; path = "NSManagedObject+MagicalAggregation.m"; sourceTree = "<group>"; };
		7F281936184192F800E11DF0 /* NSManagedObject+MagicalDataImport.h */ = {isa = PBXFileReference; fileEncoding = 4; lastKnownFileType = sourcecode.c.h; path = "NSManagedObject+MagicalDataImport.h"; sourceTree = "<group>"; };
		7F281937184192F800E11DF0 /* NSManagedObject+MagicalDataImport.m */ = {isa = PBXFileReference; fileEncoding = 4; lastKnownFileType = sourcecode.c.objc; path = "NSManagedObject+MagicalDataImport.m"; sourceTree = "<group>"; };
		7F281938184192F800E11DF0 /* NSManagedObject+MagicalFinders.h */ = {isa = PBXFileReference; fileEncoding = 4; lastKnownFileType = sourcecode.c.h; path = "NSManagedObject+MagicalFinders.h"; sourceTree = "<group>"; };
		7F281939184192F800E11DF0 /* NSManagedObject+MagicalFinders.m */ = {isa = PBXFileReference; fileEncoding = 4; lastKnownFileType = sourcecode.c.objc; path = "NSManagedObject+MagicalFinders.m"; sourceTree = "<group>"; };
		7F28193A184192F800E11DF0 /* NSManagedObject+MagicalRecord.h */ = {isa = PBXFileReference; fileEncoding = 4; lastKnownFileType = sourcecode.c.h; path = "NSManagedObject+MagicalRecord.h"; sourceTree = "<group>"; };
		7F28193B184192F800E11DF0 /* NSManagedObject+MagicalRecord.m */ = {isa = PBXFileReference; fileEncoding = 4; lastKnownFileType = sourcecode.c.objc; path = "NSManagedObject+MagicalRecord.m"; sourceTree = "<group>"; };
		7F28193C184192F800E11DF0 /* NSManagedObject+MagicalRequests.h */ = {isa = PBXFileReference; fileEncoding = 4; lastKnownFileType = sourcecode.c.h; path = "NSManagedObject+MagicalRequests.h"; sourceTree = "<group>"; };
		7F28193D184192F800E11DF0 /* NSManagedObject+MagicalRequests.m */ = {isa = PBXFileReference; fileEncoding = 4; lastKnownFileType = sourcecode.c.objc; path = "NSManagedObject+MagicalRequests.m"; sourceTree = "<group>"; };
		7F28193F184192F800E11DF0 /* NSManagedObjectContext+MagicalObserving.h */ = {isa = PBXFileReference; fileEncoding = 4; lastKnownFileType = sourcecode.c.h; path = "NSManagedObjectContext+MagicalObserving.h"; sourceTree = "<group>"; };
		7F281940184192F800E11DF0 /* NSManagedObjectContext+MagicalObserving.m */ = {isa = PBXFileReference; fileEncoding = 4; lastKnownFileType = sourcecode.c.objc; path = "NSManagedObjectContext+MagicalObserving.m"; sourceTree = "<group>"; };
		7F281941184192F800E11DF0 /* NSManagedObjectContext+MagicalRecord.h */ = {isa = PBXFileReference; fileEncoding = 4; lastKnownFileType = sourcecode.c.h; path = "NSManagedObjectContext+MagicalRecord.h"; sourceTree = "<group>"; };
		7F281942184192F800E11DF0 /* NSManagedObjectContext+MagicalRecord.m */ = {isa = PBXFileReference; fileEncoding = 4; lastKnownFileType = sourcecode.c.objc; path = "NSManagedObjectContext+MagicalRecord.m"; sourceTree = "<group>"; };
		7F281943184192F800E11DF0 /* NSManagedObjectContext+MagicalSaves.h */ = {isa = PBXFileReference; fileEncoding = 4; lastKnownFileType = sourcecode.c.h; path = "NSManagedObjectContext+MagicalSaves.h"; sourceTree = "<group>"; };
		7F281944184192F800E11DF0 /* NSManagedObjectContext+MagicalSaves.m */ = {isa = PBXFileReference; fileEncoding = 4; lastKnownFileType = sourcecode.c.objc; path = "NSManagedObjectContext+MagicalSaves.m"; sourceTree = "<group>"; };
		7F281945184192F800E11DF0 /* NSManagedObjectContext+MagicalThreading.h */ = {isa = PBXFileReference; fileEncoding = 4; lastKnownFileType = sourcecode.c.h; path = "NSManagedObjectContext+MagicalThreading.h"; sourceTree = "<group>"; };
		7F281946184192F800E11DF0 /* NSManagedObjectContext+MagicalThreading.m */ = {isa = PBXFileReference; fileEncoding = 4; lastKnownFileType = sourcecode.c.objc; path = "NSManagedObjectContext+MagicalThreading.m"; sourceTree = "<group>"; };
		7F281947184192F800E11DF0 /* NSManagedObjectModel+MagicalRecord.h */ = {isa = PBXFileReference; fileEncoding = 4; lastKnownFileType = sourcecode.c.h; path = "NSManagedObjectModel+MagicalRecord.h"; sourceTree = "<group>"; };
		7F281948184192F800E11DF0 /* NSManagedObjectModel+MagicalRecord.m */ = {isa = PBXFileReference; fileEncoding = 4; lastKnownFileType = sourcecode.c.objc; path = "NSManagedObjectModel+MagicalRecord.m"; sourceTree = "<group>"; };
		7F281949184192F800E11DF0 /* NSPersistentStore+MagicalRecord.h */ = {isa = PBXFileReference; fileEncoding = 4; lastKnownFileType = sourcecode.c.h; path = "NSPersistentStore+MagicalRecord.h"; sourceTree = "<group>"; };
		7F28194A184192F800E11DF0 /* NSPersistentStore+MagicalRecord.m */ = {isa = PBXFileReference; fileEncoding = 4; lastKnownFileType = sourcecode.c.objc; path = "NSPersistentStore+MagicalRecord.m"; sourceTree = "<group>"; };
		7F28194B184192F800E11DF0 /* NSPersistentStoreCoordinator+MagicalRecord.h */ = {isa = PBXFileReference; fileEncoding = 4; lastKnownFileType = sourcecode.c.h; path = "NSPersistentStoreCoordinator+MagicalRecord.h"; sourceTree = "<group>"; };
		7F28194C184192F800E11DF0 /* NSPersistentStoreCoordinator+MagicalRecord.m */ = {isa = PBXFileReference; fileEncoding = 4; lastKnownFileType = sourcecode.c.objc; path = "NSPersistentStoreCoordinator+MagicalRecord.m"; sourceTree = "<group>"; };
		7F28194E184192F800E11DF0 /* MagicalRecord+Actions.h */ = {isa = PBXFileReference; fileEncoding = 4; lastKnownFileType = sourcecode.c.h; path = "MagicalRecord+Actions.h"; sourceTree = "<group>"; };
		7F28194F184192F800E11DF0 /* MagicalRecord+Actions.m */ = {isa = PBXFileReference; fileEncoding = 4; lastKnownFileType = sourcecode.c.objc; path = "MagicalRecord+Actions.m"; sourceTree = "<group>"; };
		7F281950184192F800E11DF0 /* MagicalRecord+ErrorHandling.h */ = {isa = PBXFileReference; fileEncoding = 4; lastKnownFileType = sourcecode.c.h; path = "MagicalRecord+ErrorHandling.h"; sourceTree = "<group>"; };
		7F281951184192F800E11DF0 /* MagicalRecord+ErrorHandling.m */ = {isa = PBXFileReference; fileEncoding = 4; lastKnownFileType = sourcecode.c.objc; path = "MagicalRecord+ErrorHandling.m"; sourceTree = "<group>"; };
		7F281952184192F800E11DF0 /* MagicalRecord+iCloud.h */ = {isa = PBXFileReference; fileEncoding = 4; lastKnownFileType = sourcecode.c.h; path = "MagicalRecord+iCloud.h"; sourceTree = "<group>"; };
		7F281953184192F800E11DF0 /* MagicalRecord+iCloud.m */ = {isa = PBXFileReference; fileEncoding = 4; lastKnownFileType = sourcecode.c.objc; path = "MagicalRecord+iCloud.m"; sourceTree = "<group>"; };
		7F281954184192F800E11DF0 /* MagicalRecord+Options.h */ = {isa = PBXFileReference; fileEncoding = 4; lastKnownFileType = sourcecode.c.h; path = "MagicalRecord+Options.h"; sourceTree = "<group>"; };
		7F281955184192F800E11DF0 /* MagicalRecord+Options.m */ = {isa = PBXFileReference; fileEncoding = 4; lastKnownFileType = sourcecode.c.objc; path = "MagicalRecord+Options.m"; sourceTree = "<group>"; };
		7F281956184192F800E11DF0 /* MagicalRecord+Setup.h */ = {isa = PBXFileReference; fileEncoding = 4; lastKnownFileType = sourcecode.c.h; path = "MagicalRecord+Setup.h"; sourceTree = "<group>"; };
		7F281957184192F800E11DF0 /* MagicalRecord+Setup.m */ = {isa = PBXFileReference; fileEncoding = 4; lastKnownFileType = sourcecode.c.objc; path = "MagicalRecord+Setup.m"; sourceTree = "<group>"; };
		7F281958184192F800E11DF0 /* MagicalRecord+ShorthandSupport.h */ = {isa = PBXFileReference; fileEncoding = 4; lastKnownFileType = sourcecode.c.h; path = "MagicalRecord+ShorthandSupport.h"; sourceTree = "<group>"; };
		7F281959184192F800E11DF0 /* MagicalRecord+ShorthandSupport.m */ = {isa = PBXFileReference; fileEncoding = 4; lastKnownFileType = sourcecode.c.objc; path = "MagicalRecord+ShorthandSupport.m"; sourceTree = "<group>"; };
		7F28195A184192F800E11DF0 /* MagicalRecord.h */ = {isa = PBXFileReference; fileEncoding = 4; lastKnownFileType = sourcecode.c.h; path = MagicalRecord.h; sourceTree = "<group>"; };
		7F28195B184192F800E11DF0 /* MagicalRecord.m */ = {isa = PBXFileReference; fileEncoding = 4; lastKnownFileType = sourcecode.c.objc; path = MagicalRecord.m; sourceTree = "<group>"; };
		7F28195C184192F800E11DF0 /* MagicalRecordShorthand.h */ = {isa = PBXFileReference; fileEncoding = 4; lastKnownFileType = sourcecode.c.h; path = MagicalRecordShorthand.h; sourceTree = "<group>"; };
		7F28195D184192F800E11DF0 /* CoreData+MagicalRecord.h */ = {isa = PBXFileReference; fileEncoding = 4; lastKnownFileType = sourcecode.c.h; path = "CoreData+MagicalRecord.h"; sourceTree = "<group>"; };
		7F2819931841CC3400E11DF0 /* DetailImageModel.h */ = {isa = PBXFileReference; fileEncoding = 4; lastKnownFileType = sourcecode.c.h; path = DetailImageModel.h; sourceTree = "<group>"; };
		7F2819941841CC3400E11DF0 /* DetailImageModel.m */ = {isa = PBXFileReference; fileEncoding = 4; lastKnownFileType = sourcecode.c.objc; path = DetailImageModel.m; sourceTree = "<group>"; };
		7F2819961841CC3500E11DF0 /* TagModel.h */ = {isa = PBXFileReference; fileEncoding = 4; lastKnownFileType = sourcecode.c.h; path = TagModel.h; sourceTree = "<group>"; };
		7F2819971841CC3500E11DF0 /* TagModel.m */ = {isa = PBXFileReference; fileEncoding = 4; lastKnownFileType = sourcecode.c.objc; path = TagModel.m; sourceTree = "<group>"; };
/* End PBXFileReference section */

/* Begin PBXFrameworksBuildPhase section */
		7F2814171837BC1700E11DF0 /* Frameworks */ = {
			isa = PBXFrameworksBuildPhase;
			buildActionMask = 2147483647;
			files = (
				7F2819211841929B00E11DF0 /* CoreData.framework in Frameworks */,
				7F281467183DD96400E11DF0 /* AVFoundation.framework in Frameworks */,
				7F2814531837BD5B00E11DF0 /* AssetsLibrary.framework in Frameworks */,
				7F2814201837BC1700E11DF0 /* CoreGraphics.framework in Frameworks */,
				7F2814221837BC1700E11DF0 /* UIKit.framework in Frameworks */,
			);
			runOnlyForDeploymentPostprocessing = 0;
		};
		7F2814381837BC1700E11DF0 /* Frameworks */ = {
			isa = PBXFrameworksBuildPhase;
			buildActionMask = 2147483647;
			files = (
				7F28143D1837BC1700E11DF0 /* XCTest.framework in Frameworks */,
				7F28143F1837BC1700E11DF0 /* UIKit.framework in Frameworks */,
				7F28143E1837BC1700E11DF0 /* Foundation.framework in Frameworks */,
			);
			runOnlyForDeploymentPostprocessing = 0;
		};
/* End PBXFrameworksBuildPhase section */

/* Begin PBXGroup section */
		7F2814111837BC1700E11DF0 = {
			isa = PBXGroup;
			children = (
				7F2814231837BC1700E11DF0 /* PhotoAlbum */,
				7F2814421837BC1700E11DF0 /* PhotoAlbumTests */,
				7F28141C1837BC1700E11DF0 /* Frameworks */,
				7F28141B1837BC1700E11DF0 /* Products */,
			);
			sourceTree = "<group>";
		};
		7F28141B1837BC1700E11DF0 /* Products */ = {
			isa = PBXGroup;
			children = (
				7F28141A1837BC1700E11DF0 /* PhotoAlbum.app */,
				7F28143B1837BC1700E11DF0 /* PhotoAlbumTests.xctest */,
			);
			name = Products;
			sourceTree = "<group>";
		};
		7F28141C1837BC1700E11DF0 /* Frameworks */ = {
			isa = PBXGroup;
			children = (
				7F2819201841929B00E11DF0 /* CoreData.framework */,
				7F281466183DD96400E11DF0 /* AVFoundation.framework */,
				7F2814521837BD5B00E11DF0 /* AssetsLibrary.framework */,
				7F28141D1837BC1700E11DF0 /* Foundation.framework */,
				7F28141F1837BC1700E11DF0 /* CoreGraphics.framework */,
				7F2814211837BC1700E11DF0 /* UIKit.framework */,
				7F28143C1837BC1700E11DF0 /* XCTest.framework */,
			);
			name = Frameworks;
			sourceTree = "<group>";
		};
		7F2814231837BC1700E11DF0 /* PhotoAlbum */ = {
			isa = PBXGroup;
			children = (
				7F28191D1841925A00E11DF0 /* Model.xcdatamodeld */,
				7F28142C1837BC1700E11DF0 /* GerionAppDelegate.h */,
				7F28142D1837BC1700E11DF0 /* GerionAppDelegate.m */,
				7F28142F1837BC1700E11DF0 /* Main.storyboard */,
				7F281463183DACC000E11DF0 /* GerionThumbnailImageView.h */,
				7F281464183DACC000E11DF0 /* GerionThumbnailImageView.m */,
				7F2814601838B46000E11DF0 /* GerionDetailViewController.h */,
				7F2814611838B46000E11DF0 /* GerionDetailViewController.m */,
				7F2814571837C66500E11DF0 /* GerionCollectionViewCell.h */,
				7F2814581837C66500E11DF0 /* GerionCollectionViewCell.m */,
				7F2814541837C2AE00E11DF0 /* GerionCollectionViewController.h */,
				7F2814551837C2AE00E11DF0 /* GerionCollectionViewController.m */,
				7F2814321837BC1700E11DF0 /* GerionViewController.h */,
				7F2814331837BC1700E11DF0 /* GerionViewController.m */,
				7F2814351837BC1700E11DF0 /* Images.xcassets */,
				7F2814241837BC1700E11DF0 /* Supporting Files */,
			);
			path = PhotoAlbum;
			sourceTree = "<group>";
		};
		7F2814241837BC1700E11DF0 /* Supporting Files */ = {
			isa = PBXGroup;
			children = (
				7F2819961841CC3500E11DF0 /* TagModel.h */,
				7F2819971841CC3500E11DF0 /* TagModel.m */,
				7F2819931841CC3400E11DF0 /* DetailImageModel.h */,
				7F2819941841CC3400E11DF0 /* DetailImageModel.m */,
				7F281922184192F800E11DF0 /* MagicalRecord */,
				7F2814251837BC1700E11DF0 /* PhotoAlbum-Info.plist */,
				7F2814261837BC1700E11DF0 /* InfoPlist.strings */,
				7F2814291837BC1700E11DF0 /* main.m */,
				7F28142B1837BC1700E11DF0 /* PhotoAlbum-Prefix.pch */,
			);
			name = "Supporting Files";
			sourceTree = "<group>";
		};
		7F2814421837BC1700E11DF0 /* PhotoAlbumTests */ = {
			isa = PBXGroup;
			children = (
				7F2814481837BC1700E11DF0 /* PhotoAlbumTests.m */,
				7F2814431837BC1700E11DF0 /* Supporting Files */,
			);
			path = PhotoAlbumTests;
			sourceTree = "<group>";
		};
		7F2814431837BC1700E11DF0 /* Supporting Files */ = {
			isa = PBXGroup;
			children = (
				7F2814441837BC1700E11DF0 /* PhotoAlbumTests-Info.plist */,
				7F2814451837BC1700E11DF0 /* InfoPlist.strings */,
			);
			name = "Supporting Files";
			sourceTree = "<group>";
		};
		7F281922184192F800E11DF0 /* MagicalRecord */ = {
			isa = PBXGroup;
			children = (
				7F281923184192F800E11DF0 /* Categories */,
				7F28194D184192F800E11DF0 /* Core */,
				7F28195D184192F800E11DF0 /* CoreData+MagicalRecord.h */,
			);
			path = MagicalRecord;
			sourceTree = "<group>";
		};
		7F281923184192F800E11DF0 /* Categories */ = {
			isa = PBXGroup;
			children = (
				7F281924184192F800E11DF0 /* DataImport */,
				7F281933184192F800E11DF0 /* NSManagedObject */,
				7F28193E184192F800E11DF0 /* NSManagedObjectContext */,
				7F281947184192F800E11DF0 /* NSManagedObjectModel+MagicalRecord.h */,
				7F281948184192F800E11DF0 /* NSManagedObjectModel+MagicalRecord.m */,
				7F281949184192F800E11DF0 /* NSPersistentStore+MagicalRecord.h */,
				7F28194A184192F800E11DF0 /* NSPersistentStore+MagicalRecord.m */,
				7F28194B184192F800E11DF0 /* NSPersistentStoreCoordinator+MagicalRecord.h */,
				7F28194C184192F800E11DF0 /* NSPersistentStoreCoordinator+MagicalRecord.m */,
			);
			path = Categories;
			sourceTree = "<group>";
		};
		7F281924184192F800E11DF0 /* DataImport */ = {
			isa = PBXGroup;
			children = (
				7F281925184192F800E11DF0 /* MagicalImportFunctions.h */,
				7F281926184192F800E11DF0 /* MagicalImportFunctions.m */,
				7F281927184192F800E11DF0 /* NSAttributeDescription+MagicalDataImport.h */,
				7F281928184192F800E11DF0 /* NSAttributeDescription+MagicalDataImport.m */,
				7F281929184192F800E11DF0 /* NSEntityDescription+MagicalDataImport.h */,
				7F28192A184192F800E11DF0 /* NSEntityDescription+MagicalDataImport.m */,
				7F28192B184192F800E11DF0 /* NSNumber+MagicalDataImport.h */,
				7F28192C184192F800E11DF0 /* NSNumber+MagicalDataImport.m */,
				7F28192D184192F800E11DF0 /* NSObject+MagicalDataImport.h */,
				7F28192E184192F800E11DF0 /* NSObject+MagicalDataImport.m */,
				7F28192F184192F800E11DF0 /* NSRelationshipDescription+MagicalDataImport.h */,
				7F281930184192F800E11DF0 /* NSRelationshipDescription+MagicalDataImport.m */,
				7F281931184192F800E11DF0 /* NSString+MagicalDataImport.h */,
				7F281932184192F800E11DF0 /* NSString+MagicalDataImport.m */,
			);
			path = DataImport;
			sourceTree = "<group>";
		};
		7F281933184192F800E11DF0 /* NSManagedObject */ = {
			isa = PBXGroup;
			children = (
				7F281934184192F800E11DF0 /* NSManagedObject+MagicalAggregation.h */,
				7F281935184192F800E11DF0 /* NSManagedObject+MagicalAggregation.m */,
				7F281936184192F800E11DF0 /* NSManagedObject+MagicalDataImport.h */,
				7F281937184192F800E11DF0 /* NSManagedObject+MagicalDataImport.m */,
				7F281938184192F800E11DF0 /* NSManagedObject+MagicalFinders.h */,
				7F281939184192F800E11DF0 /* NSManagedObject+MagicalFinders.m */,
				7F28193A184192F800E11DF0 /* NSManagedObject+MagicalRecord.h */,
				7F28193B184192F800E11DF0 /* NSManagedObject+MagicalRecord.m */,
				7F28193C184192F800E11DF0 /* NSManagedObject+MagicalRequests.h */,
				7F28193D184192F800E11DF0 /* NSManagedObject+MagicalRequests.m */,
			);
			path = NSManagedObject;
			sourceTree = "<group>";
		};
		7F28193E184192F800E11DF0 /* NSManagedObjectContext */ = {
			isa = PBXGroup;
			children = (
				7F28193F184192F800E11DF0 /* NSManagedObjectContext+MagicalObserving.h */,
				7F281940184192F800E11DF0 /* NSManagedObjectContext+MagicalObserving.m */,
				7F281941184192F800E11DF0 /* NSManagedObjectContext+MagicalRecord.h */,
				7F281942184192F800E11DF0 /* NSManagedObjectContext+MagicalRecord.m */,
				7F281943184192F800E11DF0 /* NSManagedObjectContext+MagicalSaves.h */,
				7F281944184192F800E11DF0 /* NSManagedObjectContext+MagicalSaves.m */,
				7F281945184192F800E11DF0 /* NSManagedObjectContext+MagicalThreading.h */,
				7F281946184192F800E11DF0 /* NSManagedObjectContext+MagicalThreading.m */,
			);
			path = NSManagedObjectContext;
			sourceTree = "<group>";
		};
		7F28194D184192F800E11DF0 /* Core */ = {
			isa = PBXGroup;
			children = (
				7F28194E184192F800E11DF0 /* MagicalRecord+Actions.h */,
				7F28194F184192F800E11DF0 /* MagicalRecord+Actions.m */,
				7F281950184192F800E11DF0 /* MagicalRecord+ErrorHandling.h */,
				7F281951184192F800E11DF0 /* MagicalRecord+ErrorHandling.m */,
				7F281952184192F800E11DF0 /* MagicalRecord+iCloud.h */,
				7F281953184192F800E11DF0 /* MagicalRecord+iCloud.m */,
				7F281954184192F800E11DF0 /* MagicalRecord+Options.h */,
				7F281955184192F800E11DF0 /* MagicalRecord+Options.m */,
				7F281956184192F800E11DF0 /* MagicalRecord+Setup.h */,
				7F281957184192F800E11DF0 /* MagicalRecord+Setup.m */,
				7F281958184192F800E11DF0 /* MagicalRecord+ShorthandSupport.h */,
				7F281959184192F800E11DF0 /* MagicalRecord+ShorthandSupport.m */,
				7F28195A184192F800E11DF0 /* MagicalRecord.h */,
				7F28195B184192F800E11DF0 /* MagicalRecord.m */,
				7F28195C184192F800E11DF0 /* MagicalRecordShorthand.h */,
			);
			path = Core;
			sourceTree = "<group>";
		};
/* End PBXGroup section */

/* Begin PBXNativeTarget section */
		7F2814191837BC1700E11DF0 /* PhotoAlbum */ = {
			isa = PBXNativeTarget;
			buildConfigurationList = 7F28144C1837BC1700E11DF0 /* Build configuration list for PBXNativeTarget "PhotoAlbum" */;
			buildPhases = (
				7F2814161837BC1700E11DF0 /* Sources */,
				7F2814171837BC1700E11DF0 /* Frameworks */,
				7F2814181837BC1700E11DF0 /* Resources */,
			);
			buildRules = (
			);
			dependencies = (
			);
			name = PhotoAlbum;
			productName = PhotoAlbum;
			productReference = 7F28141A1837BC1700E11DF0 /* PhotoAlbum.app */;
			productType = "com.apple.product-type.application";
		};
		7F28143A1837BC1700E11DF0 /* PhotoAlbumTests */ = {
			isa = PBXNativeTarget;
			buildConfigurationList = 7F28144F1837BC1700E11DF0 /* Build configuration list for PBXNativeTarget "PhotoAlbumTests" */;
			buildPhases = (
				7F2814371837BC1700E11DF0 /* Sources */,
				7F2814381837BC1700E11DF0 /* Frameworks */,
				7F2814391837BC1700E11DF0 /* Resources */,
			);
			buildRules = (
			);
			dependencies = (
				7F2814411837BC1700E11DF0 /* PBXTargetDependency */,
			);
			name = PhotoAlbumTests;
			productName = PhotoAlbumTests;
			productReference = 7F28143B1837BC1700E11DF0 /* PhotoAlbumTests.xctest */;
			productType = "com.apple.product-type.bundle.unit-test";
		};
/* End PBXNativeTarget section */

/* Begin PBXProject section */
		7F2814121837BC1700E11DF0 /* Project object */ = {
			isa = PBXProject;
			attributes = {
				CLASSPREFIX = Gerion;
				LastUpgradeCheck = 0500;
				ORGANIZATIONNAME = terangerion;
				TargetAttributes = {
					7F28143A1837BC1700E11DF0 = {
						TestTargetID = 7F2814191837BC1700E11DF0;
					};
				};
			};
			buildConfigurationList = 7F2814151837BC1700E11DF0 /* Build configuration list for PBXProject "PhotoAlbum" */;
			compatibilityVersion = "Xcode 3.2";
			developmentRegion = English;
			hasScannedForEncodings = 0;
			knownRegions = (
				en,
				Base,
			);
			mainGroup = 7F2814111837BC1700E11DF0;
			productRefGroup = 7F28141B1837BC1700E11DF0 /* Products */;
			projectDirPath = "";
			projectRoot = "";
			targets = (
				7F2814191837BC1700E11DF0 /* PhotoAlbum */,
				7F28143A1837BC1700E11DF0 /* PhotoAlbumTests */,
			);
		};
/* End PBXProject section */

/* Begin PBXResourcesBuildPhase section */
		7F2814181837BC1700E11DF0 /* Resources */ = {
			isa = PBXResourcesBuildPhase;
			buildActionMask = 2147483647;
			files = (
				7F2814361837BC1700E11DF0 /* Images.xcassets in Resources */,
				7F2814281837BC1700E11DF0 /* InfoPlist.strings in Resources */,
				7F2814311837BC1700E11DF0 /* Main.storyboard in Resources */,
			);
			runOnlyForDeploymentPostprocessing = 0;
		};
		7F2814391837BC1700E11DF0 /* Resources */ = {
			isa = PBXResourcesBuildPhase;
			buildActionMask = 2147483647;
			files = (
				7F2814471837BC1700E11DF0 /* InfoPlist.strings in Resources */,
			);
			runOnlyForDeploymentPostprocessing = 0;
		};
/* End PBXResourcesBuildPhase section */

/* Begin PBXSourcesBuildPhase section */
		7F2814161837BC1700E11DF0 /* Sources */ = {
			isa = PBXSourcesBuildPhase;
			buildActionMask = 2147483647;
			files = (
				7F281966184192F800E11DF0 /* NSManagedObject+MagicalDataImport.m in Sources */,
				7F281973184192F800E11DF0 /* MagicalRecord+iCloud.m in Sources */,
				7F281465183DACC000E11DF0 /* GerionThumbnailImageView.m in Sources */,
				7F281968184192F800E11DF0 /* NSManagedObject+MagicalRecord.m in Sources */,
				7F281971184192F800E11DF0 /* MagicalRecord+Actions.m in Sources */,
				7F28196C184192F800E11DF0 /* NSManagedObjectContext+MagicalSaves.m in Sources */,
				7F281970184192F800E11DF0 /* NSPersistentStoreCoordinator+MagicalRecord.m in Sources */,
				7F2814561837C2AE00E11DF0 /* GerionCollectionViewController.m in Sources */,
				7F28196D184192F800E11DF0 /* NSManagedObjectContext+MagicalThreading.m in Sources */,
				7F281962184192F800E11DF0 /* NSObject+MagicalDataImport.m in Sources */,
				7F28196A184192F800E11DF0 /* NSManagedObjectContext+MagicalObserving.m in Sources */,
				7F281976184192F800E11DF0 /* MagicalRecord+ShorthandSupport.m in Sources */,
				7F28195F184192F800E11DF0 /* NSAttributeDescription+MagicalDataImport.m in Sources */,
				7F281969184192F800E11DF0 /* NSManagedObject+MagicalRequests.m in Sources */,
				7F281972184192F800E11DF0 /* MagicalRecord+ErrorHandling.m in Sources */,
				7F281977184192F800E11DF0 /* MagicalRecord.m in Sources */,
				7F281974184192F800E11DF0 /* MagicalRecord+Options.m in Sources */,
				7F2814621838B46000E11DF0 /* GerionDetailViewController.m in Sources */,
				7F281965184192F800E11DF0 /* NSManagedObject+MagicalAggregation.m in Sources */,
				7F281964184192F800E11DF0 /* NSString+MagicalDataImport.m in Sources */,
				7F281963184192F800E11DF0 /* NSRelationshipDescription+MagicalDataImport.m in Sources */,
				7F28191F1841925A00E11DF0 /* Model.xcdatamodeld in Sources */,
				7F28196E184192F800E11DF0 /* NSManagedObjectModel+MagicalRecord.m in Sources */,
				7F2814341837BC1700E11DF0 /* GerionViewController.m in Sources */,
				7F28142E1837BC1700E11DF0 /* GerionAppDelegate.m in Sources */,
				7F28196B184192F800E11DF0 /* NSManagedObjectContext+MagicalRecord.m in Sources */,
				7F28142A1837BC1700E11DF0 /* main.m in Sources */,
				7F281975184192F800E11DF0 /* MagicalRecord+Setup.m in Sources */,
				7F281960184192F800E11DF0 /* NSEntityDescription+MagicalDataImport.m in Sources */,
				7F2814591837C66500E11DF0 /* GerionCollectionViewCell.m in Sources */,
				7F2819981841CC3500E11DF0 /* TagModel.m in Sources */,
				7F2819951841CC3400E11DF0 /* DetailImageModel.m in Sources */,
				7F28195E184192F800E11DF0 /* MagicalImportFunctions.m in Sources */,
				7F281967184192F800E11DF0 /* NSManagedObject+MagicalFinders.m in Sources */,
				7F281961184192F800E11DF0 /* NSNumber+MagicalDataImport.m in Sources */,
				7F28196F184192F800E11DF0 /* NSPersistentStore+MagicalRecord.m in Sources */,
			);
			runOnlyForDeploymentPostprocessing = 0;
		};
		7F2814371837BC1700E11DF0 /* Sources */ = {
			isa = PBXSourcesBuildPhase;
			buildActionMask = 2147483647;
			files = (
				7F2814491837BC1700E11DF0 /* PhotoAlbumTests.m in Sources */,
			);
			runOnlyForDeploymentPostprocessing = 0;
		};
/* End PBXSourcesBuildPhase section */

/* Begin PBXTargetDependency section */
		7F2814411837BC1700E11DF0 /* PBXTargetDependency */ = {
			isa = PBXTargetDependency;
			target = 7F2814191837BC1700E11DF0 /* PhotoAlbum */;
			targetProxy = 7F2814401837BC1700E11DF0 /* PBXContainerItemProxy */;
		};
/* End PBXTargetDependency section */

/* Begin PBXVariantGroup section */
		7F2814261837BC1700E11DF0 /* InfoPlist.strings */ = {
			isa = PBXVariantGroup;
			children = (
				7F2814271837BC1700E11DF0 /* en */,
			);
			name = InfoPlist.strings;
			sourceTree = "<group>";
		};
		7F28142F1837BC1700E11DF0 /* Main.storyboard */ = {
			isa = PBXVariantGroup;
			children = (
				7F2814301837BC1700E11DF0 /* Base */,
			);
			name = Main.storyboard;
			sourceTree = "<group>";
		};
		7F2814451837BC1700E11DF0 /* InfoPlist.strings */ = {
			isa = PBXVariantGroup;
			children = (
				7F2814461837BC1700E11DF0 /* en */,
			);
			name = InfoPlist.strings;
			sourceTree = "<group>";
		};
/* End PBXVariantGroup section */

/* Begin XCBuildConfiguration section */
		7F28144A1837BC1700E11DF0 /* Debug */ = {
			isa = XCBuildConfiguration;
			buildSettings = {
				ALWAYS_SEARCH_USER_PATHS = NO;
				ARCHS = "$(ARCHS_STANDARD_INCLUDING_64_BIT)";
				CLANG_CXX_LANGUAGE_STANDARD = "gnu++0x";
				CLANG_CXX_LIBRARY = "libc++";
				CLANG_ENABLE_MODULES = YES;
				CLANG_ENABLE_OBJC_ARC = YES;
				CLANG_WARN_BOOL_CONVERSION = YES;
				CLANG_WARN_CONSTANT_CONVERSION = YES;
				CLANG_WARN_DIRECT_OBJC_ISA_USAGE = YES_ERROR;
				CLANG_WARN_EMPTY_BODY = YES;
				CLANG_WARN_ENUM_CONVERSION = YES;
				CLANG_WARN_INT_CONVERSION = YES;
				CLANG_WARN_OBJC_ROOT_CLASS = YES_ERROR;
				CLANG_WARN__DUPLICATE_METHOD_MATCH = YES;
				"CODE_SIGN_IDENTITY[sdk=iphoneos*]" = "iPhone Developer";
				COPY_PHASE_STRIP = NO;
				GCC_C_LANGUAGE_STANDARD = gnu99;
				GCC_DYNAMIC_NO_PIC = NO;
				GCC_OPTIMIZATION_LEVEL = 0;
				GCC_PREPROCESSOR_DEFINITIONS = (
					"DEBUG=1",
					"$(inherited)",
				);
				GCC_SYMBOLS_PRIVATE_EXTERN = NO;
				GCC_WARN_64_TO_32_BIT_CONVERSION = YES;
				GCC_WARN_ABOUT_RETURN_TYPE = YES_ERROR;
				GCC_WARN_UNDECLARED_SELECTOR = YES;
				GCC_WARN_UNINITIALIZED_AUTOS = YES;
				GCC_WARN_UNUSED_FUNCTION = YES;
				GCC_WARN_UNUSED_VARIABLE = YES;
				IPHONEOS_DEPLOYMENT_TARGET = 6.1;
				ONLY_ACTIVE_ARCH = YES;
				SDKROOT = iphoneos;
			};
			name = Debug;
		};
		7F28144B1837BC1700E11DF0 /* Release */ = {
			isa = XCBuildConfiguration;
			buildSettings = {
				ALWAYS_SEARCH_USER_PATHS = NO;
				ARCHS = "$(ARCHS_STANDARD_INCLUDING_64_BIT)";
				CLANG_CXX_LANGUAGE_STANDARD = "gnu++0x";
				CLANG_CXX_LIBRARY = "libc++";
				CLANG_ENABLE_MODULES = YES;
				CLANG_ENABLE_OBJC_ARC = YES;
				CLANG_WARN_BOOL_CONVERSION = YES;
				CLANG_WARN_CONSTANT_CONVERSION = YES;
				CLANG_WARN_DIRECT_OBJC_ISA_USAGE = YES_ERROR;
				CLANG_WARN_EMPTY_BODY = YES;
				CLANG_WARN_ENUM_CONVERSION = YES;
				CLANG_WARN_INT_CONVERSION = YES;
				CLANG_WARN_OBJC_ROOT_CLASS = YES_ERROR;
				CLANG_WARN__DUPLICATE_METHOD_MATCH = YES;
				"CODE_SIGN_IDENTITY[sdk=iphoneos*]" = "iPhone Developer";
				COPY_PHASE_STRIP = YES;
				ENABLE_NS_ASSERTIONS = NO;
				GCC_C_LANGUAGE_STANDARD = gnu99;
				GCC_WARN_64_TO_32_BIT_CONVERSION = YES;
				GCC_WARN_ABOUT_RETURN_TYPE = YES_ERROR;
				GCC_WARN_UNDECLARED_SELECTOR = YES;
				GCC_WARN_UNINITIALIZED_AUTOS = YES;
				GCC_WARN_UNUSED_FUNCTION = YES;
				GCC_WARN_UNUSED_VARIABLE = YES;
				IPHONEOS_DEPLOYMENT_TARGET = 6.1;
				SDKROOT = iphoneos;
				VALIDATE_PRODUCT = YES;
			};
			name = Release;
		};
		7F28144D1837BC1700E11DF0 /* Debug */ = {
			isa = XCBuildConfiguration;
			buildSettings = {
				ASSETCATALOG_COMPILER_APPICON_NAME = AppIcon;
				ASSETCATALOG_COMPILER_LAUNCHIMAGE_NAME = LaunchImage;
				GCC_PRECOMPILE_PREFIX_HEADER = YES;
				GCC_PREFIX_HEADER = "PhotoAlbum/PhotoAlbum-Prefix.pch";
				INFOPLIST_FILE = "PhotoAlbum/PhotoAlbum-Info.plist";
				IPHONEOS_DEPLOYMENT_TARGET = 6.1;
				PRODUCT_NAME = "$(TARGET_NAME)";
				WRAPPER_EXTENSION = app;
			};
			name = Debug;
		};
		7F28144E1837BC1700E11DF0 /* Release */ = {
			isa = XCBuildConfiguration;
			buildSettings = {
				ASSETCATALOG_COMPILER_APPICON_NAME = AppIcon;
				ASSETCATALOG_COMPILER_LAUNCHIMAGE_NAME = LaunchImage;
				GCC_PRECOMPILE_PREFIX_HEADER = YES;
				GCC_PREFIX_HEADER = "PhotoAlbum/PhotoAlbum-Prefix.pch";
				INFOPLIST_FILE = "PhotoAlbum/PhotoAlbum-Info.plist";
				IPHONEOS_DEPLOYMENT_TARGET = 6.1;
				PRODUCT_NAME = "$(TARGET_NAME)";
				WRAPPER_EXTENSION = app;
			};
			name = Release;
		};
		7F2814501837BC1700E11DF0 /* Debug */ = {
			isa = XCBuildConfiguration;
			buildSettings = {
				ARCHS = "$(ARCHS_STANDARD_INCLUDING_64_BIT)";
				BUNDLE_LOADER = "$(BUILT_PRODUCTS_DIR)/PhotoAlbum.app/PhotoAlbum";
				FRAMEWORK_SEARCH_PATHS = (
					"$(SDKROOT)/Developer/Library/Frameworks",
					"$(inherited)",
					"$(DEVELOPER_FRAMEWORKS_DIR)",
				);
				GCC_PRECOMPILE_PREFIX_HEADER = YES;
				GCC_PREFIX_HEADER = "PhotoAlbum/PhotoAlbum-Prefix.pch";
				GCC_PREPROCESSOR_DEFINITIONS = (
					"DEBUG=1",
					"$(inherited)",
				);
				INFOPLIST_FILE = "PhotoAlbumTests/PhotoAlbumTests-Info.plist";
				PRODUCT_NAME = "$(TARGET_NAME)";
				TEST_HOST = "$(BUNDLE_LOADER)";
				WRAPPER_EXTENSION = xctest;
			};
			name = Debug;
		};
		7F2814511837BC1700E11DF0 /* Release */ = {
			isa = XCBuildConfiguration;
			buildSettings = {
				ARCHS = "$(ARCHS_STANDARD_INCLUDING_64_BIT)";
				BUNDLE_LOADER = "$(BUILT_PRODUCTS_DIR)/PhotoAlbum.app/PhotoAlbum";
				FRAMEWORK_SEARCH_PATHS = (
					"$(SDKROOT)/Developer/Library/Frameworks",
					"$(inherited)",
					"$(DEVELOPER_FRAMEWORKS_DIR)",
				);
				GCC_PRECOMPILE_PREFIX_HEADER = YES;
				GCC_PREFIX_HEADER = "PhotoAlbum/PhotoAlbum-Prefix.pch";
				INFOPLIST_FILE = "PhotoAlbumTests/PhotoAlbumTests-Info.plist";
				PRODUCT_NAME = "$(TARGET_NAME)";
				TEST_HOST = "$(BUNDLE_LOADER)";
				WRAPPER_EXTENSION = xctest;
			};
			name = Release;
		};
/* End XCBuildConfiguration section */

/* Begin XCConfigurationList section */
		7F2814151837BC1700E11DF0 /* Build configuration list for PBXProject "PhotoAlbum" */ = {
			isa = XCConfigurationList;
			buildConfigurations = (
				7F28144A1837BC1700E11DF0 /* Debug */,
				7F28144B1837BC1700E11DF0 /* Release */,
			);
			defaultConfigurationIsVisible = 0;
			defaultConfigurationName = Release;
		};
		7F28144C1837BC1700E11DF0 /* Build configuration list for PBXNativeTarget "PhotoAlbum" */ = {
			isa = XCConfigurationList;
			buildConfigurations = (
				7F28144D1837BC1700E11DF0 /* Debug */,
				7F28144E1837BC1700E11DF0 /* Release */,
			);
			defaultConfigurationIsVisible = 0;
			defaultConfigurationName = Release;
		};
		7F28144F1837BC1700E11DF0 /* Build configuration list for PBXNativeTarget "PhotoAlbumTests" */ = {
			isa = XCConfigurationList;
			buildConfigurations = (
				7F2814501837BC1700E11DF0 /* Debug */,
				7F2814511837BC1700E11DF0 /* Release */,
			);
			defaultConfigurationIsVisible = 0;
			defaultConfigurationName = Release;
		};
/* End XCConfigurationList section */

/* Begin XCVersionGroup section */
		7F28191D1841925A00E11DF0 /* Model.xcdatamodeld */ = {
			isa = XCVersionGroup;
			children = (
				7F28191E1841925A00E11DF0 /* Model.xcdatamodel */,
			);
			currentVersion = 7F28191E1841925A00E11DF0 /* Model.xcdatamodel */;
			name = Model.xcdatamodeld;
			path = ../Model.xcdatamodeld;
			sourceTree = "<group>";
			versionGroupType = wrapper.xcdatamodel;
		};
/* End XCVersionGroup section */
	};
	rootObject = 7F2814121837BC1700E11DF0 /* Project object */;
}
